// !$*UTF8*$!
{
	archiveVersion = 1;
	classes = {
	};
	objectVersion = 56;
	objects = {

/* Begin PBXBuildFile section */
		AE6DFC702B0B34E70091A10B /* ToDoApp.swift in Sources */ = {isa = PBXBuildFile; fileRef = AE6DFC6F2B0B34E70091A10B /* ToDoApp.swift */; };
		AE6DFC742B0B34E80091A10B /* Assets.xcassets in Resources */ = {isa = PBXBuildFile; fileRef = AE6DFC732B0B34E80091A10B /* Assets.xcassets */; };
		AE6DFC782B0B34E80091A10B /* Preview Assets.xcassets in Resources */ = {isa = PBXBuildFile; fileRef = AE6DFC772B0B34E80091A10B /* Preview Assets.xcassets */; };
		AE6DFCA52B0B3FE90091A10B /* Assets.xcassets in Resources */ = {isa = PBXBuildFile; fileRef = AE6DFCA42B0B3FE90091A10B /* Assets.xcassets */; };
		AE6DFCA82B0B3FE90091A10B /* Preview Assets.xcassets in Resources */ = {isa = PBXBuildFile; fileRef = AE6DFCA72B0B3FE90091A10B /* Preview Assets.xcassets */; };
		AE6DFCAB2B0B3FE90091A10B /* ToDo.app in Embed Watch Content */ = {isa = PBXBuildFile; fileRef = AE6DFC9E2B0B3FE80091A10B /* ToDo.app */; settings = {ATTRIBUTES = (RemoveHeadersOnCopy, ); }; };
		AE6DFCBB2B0B41E90091A10B /* Assets.xcassets in Resources */ = {isa = PBXBuildFile; fileRef = AE6DFCBA2B0B41E90091A10B /* Assets.xcassets */; };
		AE6DFCBE2B0B41E90091A10B /* Preview Assets.xcassets in Resources */ = {isa = PBXBuildFile; fileRef = AE6DFCBD2B0B41E90091A10B /* Preview Assets.xcassets */; };
		AE6DFCC62B0B42A50091A10B /* ToDoApp.swift in Sources */ = {isa = PBXBuildFile; fileRef = AE6DFC6F2B0B34E70091A10B /* ToDoApp.swift */; };
		AE6DFCC72B0B42A60091A10B /* ToDoApp.swift in Sources */ = {isa = PBXBuildFile; fileRef = AE6DFC6F2B0B34E70091A10B /* ToDoApp.swift */; };
		AE6DFCC92B0B43720091A10B /* ListToDo.swift in Sources */ = {isa = PBXBuildFile; fileRef = AE6DFCC82B0B43720091A10B /* ListToDo.swift */; };
		AE6DFCCA2B0B43A10091A10B /* ListToDo.swift in Sources */ = {isa = PBXBuildFile; fileRef = AE6DFCC82B0B43720091A10B /* ListToDo.swift */; };
		AE6DFCCB2B0B43A20091A10B /* ListToDo.swift in Sources */ = {isa = PBXBuildFile; fileRef = AE6DFCC82B0B43720091A10B /* ListToDo.swift */; };
		AE6DFCCF2B0B5EE10091A10B /* AddToDo.swift in Sources */ = {isa = PBXBuildFile; fileRef = AE6DFCCE2B0B5EE10091A10B /* AddToDo.swift */; };
		AE6DFCD02B0B5F830091A10B /* AddToDo.swift in Sources */ = {isa = PBXBuildFile; fileRef = AE6DFCCE2B0B5EE10091A10B /* AddToDo.swift */; };
		AE6DFCD12B0B5F830091A10B /* AddToDo.swift in Sources */ = {isa = PBXBuildFile; fileRef = AE6DFCCE2B0B5EE10091A10B /* AddToDo.swift */; };
		AE6DFCD42B0B6C890091A10B /* Model.xcdatamodeld in Sources */ = {isa = PBXBuildFile; fileRef = AE6DFCD22B0B6C890091A10B /* Model.xcdatamodeld */; };
		AE6DFCD52B0B6C890091A10B /* Model.xcdatamodeld in Sources */ = {isa = PBXBuildFile; fileRef = AE6DFCD22B0B6C890091A10B /* Model.xcdatamodeld */; };
		AE6DFCD62B0B6C890091A10B /* Model.xcdatamodeld in Sources */ = {isa = PBXBuildFile; fileRef = AE6DFCD22B0B6C890091A10B /* Model.xcdatamodeld */; };
		AE6DFCD82B0B6CEB0091A10B /* DataManager.swift in Sources */ = {isa = PBXBuildFile; fileRef = AE6DFCD72B0B6CEB0091A10B /* DataManager.swift */; };
		AE6DFCD92B0B6CEB0091A10B /* DataManager.swift in Sources */ = {isa = PBXBuildFile; fileRef = AE6DFCD72B0B6CEB0091A10B /* DataManager.swift */; };
		AE6DFCDA2B0B6CEB0091A10B /* DataManager.swift in Sources */ = {isa = PBXBuildFile; fileRef = AE6DFCD72B0B6CEB0091A10B /* DataManager.swift */; };
		AEE443302B0B844400D91685 /* PageController.swift in Sources */ = {isa = PBXBuildFile; fileRef = AEE4432F2B0B844400D91685 /* PageController.swift */; };
		AEE443322B0B85F500D91685 /* PageController.swift in Sources */ = {isa = PBXBuildFile; fileRef = AEE4432F2B0B844400D91685 /* PageController.swift */; };
/* End PBXBuildFile section */

/* Begin PBXContainerItemProxy section */
		AE6DFCA92B0B3FE90091A10B /* PBXContainerItemProxy */ = {
			isa = PBXContainerItemProxy;
			containerPortal = AE6DFC642B0B34E70091A10B /* Project object */;
			proxyType = 1;
			remoteGlobalIDString = AE6DFC9D2B0B3FE80091A10B;
			remoteInfo = "WatchTO Watch App";
		};
/* End PBXContainerItemProxy section */

/* Begin PBXCopyFilesBuildPhase section */
		AE6DFCAF2B0B3FE90091A10B /* Embed Watch Content */ = {
			isa = PBXCopyFilesBuildPhase;
			buildActionMask = 2147483647;
			dstPath = "$(CONTENTS_FOLDER_PATH)/Watch";
			dstSubfolderSpec = 16;
			files = (
				AE6DFCAB2B0B3FE90091A10B /* ToDo.app in Embed Watch Content */,
			);
			name = "Embed Watch Content";
			runOnlyForDeploymentPostprocessing = 0;
		};
/* End PBXCopyFilesBuildPhase section */

/* Begin PBXFileReference section */
		AE6DFC6C2B0B34E70091A10B /* ToDo.app */ = {isa = PBXFileReference; explicitFileType = wrapper.application; includeInIndex = 0; path = ToDo.app; sourceTree = BUILT_PRODUCTS_DIR; };
		AE6DFC6F2B0B34E70091A10B /* ToDoApp.swift */ = {isa = PBXFileReference; lastKnownFileType = sourcecode.swift; path = ToDoApp.swift; sourceTree = "<group>"; };
		AE6DFC732B0B34E80091A10B /* Assets.xcassets */ = {isa = PBXFileReference; lastKnownFileType = folder.assetcatalog; path = Assets.xcassets; sourceTree = "<group>"; };
		AE6DFC752B0B34E80091A10B /* ToDo.entitlements */ = {isa = PBXFileReference; lastKnownFileType = text.plist.entitlements; path = ToDo.entitlements; sourceTree = "<group>"; };
		AE6DFC772B0B34E80091A10B /* Preview Assets.xcassets */ = {isa = PBXFileReference; lastKnownFileType = folder.assetcatalog; path = "Preview Assets.xcassets"; sourceTree = "<group>"; };
		AE6DFC812B0B34E80091A10B /* ToDoTests.swift */ = {isa = PBXFileReference; lastKnownFileType = sourcecode.swift; path = ToDoTests.swift; sourceTree = "<group>"; };
		AE6DFC8B2B0B34E80091A10B /* ToDoUITests.swift */ = {isa = PBXFileReference; lastKnownFileType = sourcecode.swift; path = ToDoUITests.swift; sourceTree = "<group>"; };
		AE6DFC8D2B0B34E80091A10B /* ToDoUITestsLaunchTests.swift */ = {isa = PBXFileReference; lastKnownFileType = sourcecode.swift; path = ToDoUITestsLaunchTests.swift; sourceTree = "<group>"; };
		AE6DFC9E2B0B3FE80091A10B /* ToDo.app */ = {isa = PBXFileReference; explicitFileType = wrapper.application; includeInIndex = 0; path = ToDo.app; sourceTree = BUILT_PRODUCTS_DIR; };
		AE6DFCA42B0B3FE90091A10B /* Assets.xcassets */ = {isa = PBXFileReference; lastKnownFileType = folder.assetcatalog; path = Assets.xcassets; sourceTree = "<group>"; };
		AE6DFCA72B0B3FE90091A10B /* Preview Assets.xcassets */ = {isa = PBXFileReference; lastKnownFileType = folder.assetcatalog; path = "Preview Assets.xcassets"; sourceTree = "<group>"; };
		AE6DFCB42B0B41E80091A10B /* TVOS.app */ = {isa = PBXFileReference; explicitFileType = wrapper.application; includeInIndex = 0; path = TVOS.app; sourceTree = BUILT_PRODUCTS_DIR; };
		AE6DFCBA2B0B41E90091A10B /* Assets.xcassets */ = {isa = PBXFileReference; lastKnownFileType = folder.assetcatalog; path = Assets.xcassets; sourceTree = "<group>"; };
		AE6DFCBD2B0B41E90091A10B /* Preview Assets.xcassets */ = {isa = PBXFileReference; lastKnownFileType = folder.assetcatalog; path = "Preview Assets.xcassets"; sourceTree = "<group>"; };
		AE6DFCC82B0B43720091A10B /* ListToDo.swift */ = {isa = PBXFileReference; lastKnownFileType = sourcecode.swift; path = ListToDo.swift; sourceTree = "<group>"; };
		AE6DFCCC2B0B55FF0091A10B /* WatchTO Watch App.entitlements */ = {isa = PBXFileReference; lastKnownFileType = text.plist.entitlements; path = "WatchTO Watch App.entitlements"; sourceTree = "<group>"; };
		AE6DFCCD2B0B56260091A10B /* TVOS.entitlements */ = {isa = PBXFileReference; lastKnownFileType = text.plist.entitlements; path = TVOS.entitlements; sourceTree = "<group>"; };
		AE6DFCCE2B0B5EE10091A10B /* AddToDo.swift */ = {isa = PBXFileReference; lastKnownFileType = sourcecode.swift; path = AddToDo.swift; sourceTree = "<group>"; };
		AE6DFCD32B0B6C890091A10B /* Model.xcdatamodel */ = {isa = PBXFileReference; lastKnownFileType = wrapper.xcdatamodel; path = Model.xcdatamodel; sourceTree = "<group>"; };
		AE6DFCD72B0B6CEB0091A10B /* DataManager.swift */ = {isa = PBXFileReference; lastKnownFileType = sourcecode.swift; path = DataManager.swift; sourceTree = "<group>"; };
		AEE4432F2B0B844400D91685 /* PageController.swift */ = {isa = PBXFileReference; lastKnownFileType = sourcecode.swift; path = PageController.swift; sourceTree = "<group>"; };
/* End PBXFileReference section */

/* Begin PBXFrameworksBuildPhase section */
		AE6DFC692B0B34E70091A10B /* Frameworks */ = {
			isa = PBXFrameworksBuildPhase;
			buildActionMask = 2147483647;
			files = (
			);
			runOnlyForDeploymentPostprocessing = 0;
		};
		AE6DFC9B2B0B3FE80091A10B /* Frameworks */ = {
			isa = PBXFrameworksBuildPhase;
			buildActionMask = 2147483647;
			files = (
			);
			runOnlyForDeploymentPostprocessing = 0;
		};
		AE6DFCB12B0B41E80091A10B /* Frameworks */ = {
			isa = PBXFrameworksBuildPhase;
			buildActionMask = 2147483647;
			files = (
			);
			runOnlyForDeploymentPostprocessing = 0;
		};
/* End PBXFrameworksBuildPhase section */

/* Begin PBXGroup section */
		AE6DFC632B0B34E70091A10B = {
			isa = PBXGroup;
			children = (
				AE6DFC6E2B0B34E70091A10B /* ToDo */,
				AE6DFC802B0B34E80091A10B /* ToDoTests */,
				AE6DFC8A2B0B34E80091A10B /* ToDoUITests */,
				AE6DFC9F2B0B3FE80091A10B /* WatchTO Watch App */,
				AE6DFCB52B0B41E80091A10B /* TVOS */,
				AE6DFC6D2B0B34E70091A10B /* Products */,
			);
			sourceTree = "<group>";
		};
		AE6DFC6D2B0B34E70091A10B /* Products */ = {
			isa = PBXGroup;
			children = (
				AE6DFC6C2B0B34E70091A10B /* ToDo.app */,
				AE6DFC9E2B0B3FE80091A10B /* ToDo.app */,
				AE6DFCB42B0B41E80091A10B /* TVOS.app */,
			);
			name = Products;
			sourceTree = "<group>";
		};
		AE6DFC6E2B0B34E70091A10B /* ToDo */ = {
			isa = PBXGroup;
			children = (
				AE6DFCD22B0B6C890091A10B /* Model.xcdatamodeld */,
				AE6DFC6F2B0B34E70091A10B /* ToDoApp.swift */,
				AE6DFC732B0B34E80091A10B /* Assets.xcassets */,
				AE6DFC752B0B34E80091A10B /* ToDo.entitlements */,
				AE6DFC762B0B34E80091A10B /* Preview Content */,
				AE6DFCC82B0B43720091A10B /* ListToDo.swift */,
				AEE4432F2B0B844400D91685 /* PageController.swift */,
				AE6DFCCE2B0B5EE10091A10B /* AddToDo.swift */,
				AE6DFCD72B0B6CEB0091A10B /* DataManager.swift */,
			);
			path = ToDo;
			sourceTree = "<group>";
		};
		AE6DFC762B0B34E80091A10B /* Preview Content */ = {
			isa = PBXGroup;
			children = (
				AE6DFC772B0B34E80091A10B /* Preview Assets.xcassets */,
			);
			path = "Preview Content";
			sourceTree = "<group>";
		};
		AE6DFC802B0B34E80091A10B /* ToDoTests */ = {
			isa = PBXGroup;
			children = (
				AE6DFC812B0B34E80091A10B /* ToDoTests.swift */,
			);
			path = ToDoTests;
			sourceTree = "<group>";
		};
		AE6DFC8A2B0B34E80091A10B /* ToDoUITests */ = {
			isa = PBXGroup;
			children = (
				AE6DFC8B2B0B34E80091A10B /* ToDoUITests.swift */,
				AE6DFC8D2B0B34E80091A10B /* ToDoUITestsLaunchTests.swift */,
			);
			path = ToDoUITests;
			sourceTree = "<group>";
		};
		AE6DFC9F2B0B3FE80091A10B /* WatchTO Watch App */ = {
			isa = PBXGroup;
			children = (
				AE6DFCCC2B0B55FF0091A10B /* WatchTO Watch App.entitlements */,
				AE6DFCA42B0B3FE90091A10B /* Assets.xcassets */,
				AE6DFCA62B0B3FE90091A10B /* Preview Content */,
			);
			path = "WatchTO Watch App";
			sourceTree = "<group>";
		};
		AE6DFCA62B0B3FE90091A10B /* Preview Content */ = {
			isa = PBXGroup;
			children = (
				AE6DFCA72B0B3FE90091A10B /* Preview Assets.xcassets */,
			);
			path = "Preview Content";
			sourceTree = "<group>";
		};
		AE6DFCB52B0B41E80091A10B /* TVOS */ = {
			isa = PBXGroup;
			children = (
				AE6DFCCD2B0B56260091A10B /* TVOS.entitlements */,
				AE6DFCBA2B0B41E90091A10B /* Assets.xcassets */,
				AE6DFCBC2B0B41E90091A10B /* Preview Content */,
			);
			path = TVOS;
			sourceTree = "<group>";
		};
		AE6DFCBC2B0B41E90091A10B /* Preview Content */ = {
			isa = PBXGroup;
			children = (
				AE6DFCBD2B0B41E90091A10B /* Preview Assets.xcassets */,
			);
			path = "Preview Content";
			sourceTree = "<group>";
		};
/* End PBXGroup section */

/* Begin PBXNativeTarget section */
		AE6DFC6B2B0B34E70091A10B /* ToDo */ = {
			isa = PBXNativeTarget;
			buildConfigurationList = AE6DFC912B0B34E80091A10B /* Build configuration list for PBXNativeTarget "ToDo" */;
			buildPhases = (
				AE6DFC682B0B34E70091A10B /* Sources */,
				AE6DFC692B0B34E70091A10B /* Frameworks */,
				AE6DFC6A2B0B34E70091A10B /* Resources */,
				AE6DFCAF2B0B3FE90091A10B /* Embed Watch Content */,
			);
			buildRules = (
			);
			dependencies = (
				AE6DFCAA2B0B3FE90091A10B /* PBXTargetDependency */,
			);
			name = ToDo;
			productName = ToDo;
			productReference = AE6DFC6C2B0B34E70091A10B /* ToDo.app */;
			productType = "com.apple.product-type.application";
		};
		AE6DFC9D2B0B3FE80091A10B /* WatchTO Watch App */ = {
			isa = PBXNativeTarget;
			buildConfigurationList = AE6DFCAC2B0B3FE90091A10B /* Build configuration list for PBXNativeTarget "WatchTO Watch App" */;
			buildPhases = (
				AE6DFC9A2B0B3FE80091A10B /* Sources */,
				AE6DFC9B2B0B3FE80091A10B /* Frameworks */,
				AE6DFC9C2B0B3FE80091A10B /* Resources */,
			);
			buildRules = (
			);
			dependencies = (
			);
			name = "WatchTO Watch App";
			productName = "WatchTO Watch App";
			productReference = AE6DFC9E2B0B3FE80091A10B /* ToDo.app */;
			productType = "com.apple.product-type.application";
		};
		AE6DFCB32B0B41E80091A10B /* TVOS */ = {
			isa = PBXNativeTarget;
			buildConfigurationList = AE6DFCBF2B0B41E90091A10B /* Build configuration list for PBXNativeTarget "TVOS" */;
			buildPhases = (
				AE6DFCB02B0B41E80091A10B /* Sources */,
				AE6DFCB12B0B41E80091A10B /* Frameworks */,
				AE6DFCB22B0B41E80091A10B /* Resources */,
			);
			buildRules = (
			);
			dependencies = (
			);
			name = TVOS;
			productName = TVOS;
			productReference = AE6DFCB42B0B41E80091A10B /* TVOS.app */;
			productType = "com.apple.product-type.application";
		};
/* End PBXNativeTarget section */

/* Begin PBXProject section */
		AE6DFC642B0B34E70091A10B /* Project object */ = {
			isa = PBXProject;
			attributes = {
				BuildIndependentTargetsInParallel = 1;
				LastSwiftUpdateCheck = 1500;
				LastUpgradeCheck = 1500;
				TargetAttributes = {
					AE6DFC6B2B0B34E70091A10B = {
						CreatedOnToolsVersion = 15.0.1;
					};
					AE6DFC9D2B0B3FE80091A10B = {
						CreatedOnToolsVersion = 15.0.1;
					};
					AE6DFCB32B0B41E80091A10B = {
						CreatedOnToolsVersion = 15.0.1;
					};
				};
			};
			buildConfigurationList = AE6DFC672B0B34E70091A10B /* Build configuration list for PBXProject "ToDo" */;
			compatibilityVersion = "Xcode 14.0";
			developmentRegion = en;
			hasScannedForEncodings = 0;
			knownRegions = (
				en,
				Base,
			);
			mainGroup = AE6DFC632B0B34E70091A10B;
			productRefGroup = AE6DFC6D2B0B34E70091A10B /* Products */;
			projectDirPath = "";
			projectRoot = "";
			targets = (
				AE6DFC6B2B0B34E70091A10B /* ToDo */,
				AE6DFC9D2B0B3FE80091A10B /* WatchTO Watch App */,
				AE6DFCB32B0B41E80091A10B /* TVOS */,
			);
		};
/* End PBXProject section */

/* Begin PBXResourcesBuildPhase section */
		AE6DFC6A2B0B34E70091A10B /* Resources */ = {
			isa = PBXResourcesBuildPhase;
			buildActionMask = 2147483647;
			files = (
				AE6DFC782B0B34E80091A10B /* Preview Assets.xcassets in Resources */,
				AE6DFC742B0B34E80091A10B /* Assets.xcassets in Resources */,
			);
			runOnlyForDeploymentPostprocessing = 0;
		};
		AE6DFC9C2B0B3FE80091A10B /* Resources */ = {
			isa = PBXResourcesBuildPhase;
			buildActionMask = 2147483647;
			files = (
				AE6DFCA82B0B3FE90091A10B /* Preview Assets.xcassets in Resources */,
				AE6DFCA52B0B3FE90091A10B /* Assets.xcassets in Resources */,
			);
			runOnlyForDeploymentPostprocessing = 0;
		};
		AE6DFCB22B0B41E80091A10B /* Resources */ = {
			isa = PBXResourcesBuildPhase;
			buildActionMask = 2147483647;
			files = (
				AE6DFCBE2B0B41E90091A10B /* Preview Assets.xcassets in Resources */,
				AE6DFCBB2B0B41E90091A10B /* Assets.xcassets in Resources */,
			);
			runOnlyForDeploymentPostprocessing = 0;
		};
/* End PBXResourcesBuildPhase section */

/* Begin PBXSourcesBuildPhase section */
		AE6DFC682B0B34E70091A10B /* Sources */ = {
			isa = PBXSourcesBuildPhase;
			buildActionMask = 2147483647;
			files = (
				AE6DFC702B0B34E70091A10B /* ToDoApp.swift in Sources */,
				AE6DFCD82B0B6CEB0091A10B /* DataManager.swift in Sources */,
				AEE443302B0B844400D91685 /* PageController.swift in Sources */,
				AE6DFCCF2B0B5EE10091A10B /* AddToDo.swift in Sources */,
				AE6DFCC92B0B43720091A10B /* ListToDo.swift in Sources */,
				AE6DFCD42B0B6C890091A10B /* Model.xcdatamodeld in Sources */,
			);
			runOnlyForDeploymentPostprocessing = 0;
		};
		AE6DFC9A2B0B3FE80091A10B /* Sources */ = {
			isa = PBXSourcesBuildPhase;
			buildActionMask = 2147483647;
			files = (
				AE6DFCC62B0B42A50091A10B /* ToDoApp.swift in Sources */,
				AE6DFCD92B0B6CEB0091A10B /* DataManager.swift in Sources */,
				AE6DFCD02B0B5F830091A10B /* AddToDo.swift in Sources */,
				AE6DFCCA2B0B43A10091A10B /* ListToDo.swift in Sources */,
				AE6DFCD52B0B6C890091A10B /* Model.xcdatamodeld in Sources */,
			);
			runOnlyForDeploymentPostprocessing = 0;
		};
		AE6DFCB02B0B41E80091A10B /* Sources */ = {
			isa = PBXSourcesBuildPhase;
			buildActionMask = 2147483647;
			files = (
				AE6DFCC72B0B42A60091A10B /* ToDoApp.swift in Sources */,
				AE6DFCDA2B0B6CEB0091A10B /* DataManager.swift in Sources */,
				AEE443322B0B85F500D91685 /* PageController.swift in Sources */,
				AE6DFCD12B0B5F830091A10B /* AddToDo.swift in Sources */,
				AE6DFCCB2B0B43A20091A10B /* ListToDo.swift in Sources */,
				AE6DFCD62B0B6C890091A10B /* Model.xcdatamodeld in Sources */,
			);
			runOnlyForDeploymentPostprocessing = 0;
		};
/* End PBXSourcesBuildPhase section */

/* Begin PBXTargetDependency section */
		AE6DFCAA2B0B3FE90091A10B /* PBXTargetDependency */ = {
			isa = PBXTargetDependency;
			target = AE6DFC9D2B0B3FE80091A10B /* WatchTO Watch App */;
			targetProxy = AE6DFCA92B0B3FE90091A10B /* PBXContainerItemProxy */;
		};
/* End PBXTargetDependency section */

/* Begin XCBuildConfiguration section */
		AE6DFC8F2B0B34E80091A10B /* Debug */ = {
			isa = XCBuildConfiguration;
			buildSettings = {
				ALWAYS_SEARCH_USER_PATHS = NO;
				ASSETCATALOG_COMPILER_GENERATE_SWIFT_ASSET_SYMBOL_EXTENSIONS = YES;
				CLANG_ANALYZER_NONNULL = YES;
				CLANG_ANALYZER_NUMBER_OBJECT_CONVERSION = YES_AGGRESSIVE;
				CLANG_CXX_LANGUAGE_STANDARD = "gnu++20";
				CLANG_ENABLE_MODULES = YES;
				CLANG_ENABLE_OBJC_ARC = YES;
				CLANG_ENABLE_OBJC_WEAK = YES;
				CLANG_WARN_BLOCK_CAPTURE_AUTORELEASING = YES;
				CLANG_WARN_BOOL_CONVERSION = YES;
				CLANG_WARN_COMMA = YES;
				CLANG_WARN_CONSTANT_CONVERSION = YES;
				CLANG_WARN_DEPRECATED_OBJC_IMPLEMENTATIONS = YES;
				CLANG_WARN_DIRECT_OBJC_ISA_USAGE = YES_ERROR;
				CLANG_WARN_DOCUMENTATION_COMMENTS = YES;
				CLANG_WARN_EMPTY_BODY = YES;
				CLANG_WARN_ENUM_CONVERSION = YES;
				CLANG_WARN_INFINITE_RECURSION = YES;
				CLANG_WARN_INT_CONVERSION = YES;
				CLANG_WARN_NON_LITERAL_NULL_CONVERSION = YES;
				CLANG_WARN_OBJC_IMPLICIT_RETAIN_SELF = YES;
				CLANG_WARN_OBJC_LITERAL_CONVERSION = YES;
				CLANG_WARN_OBJC_ROOT_CLASS = YES_ERROR;
				CLANG_WARN_QUOTED_INCLUDE_IN_FRAMEWORK_HEADER = YES;
				CLANG_WARN_RANGE_LOOP_ANALYSIS = YES;
				CLANG_WARN_STRICT_PROTOTYPES = YES;
				CLANG_WARN_SUSPICIOUS_MOVE = YES;
				CLANG_WARN_UNGUARDED_AVAILABILITY = YES_AGGRESSIVE;
				CLANG_WARN_UNREACHABLE_CODE = YES;
				CLANG_WARN__DUPLICATE_METHOD_MATCH = YES;
				COPY_PHASE_STRIP = NO;
				DEBUG_INFORMATION_FORMAT = dwarf;
				ENABLE_STRICT_OBJC_MSGSEND = YES;
				ENABLE_TESTABILITY = YES;
				ENABLE_USER_SCRIPT_SANDBOXING = YES;
				GCC_C_LANGUAGE_STANDARD = gnu17;
				GCC_DYNAMIC_NO_PIC = NO;
				GCC_NO_COMMON_BLOCKS = YES;
				GCC_OPTIMIZATION_LEVEL = 0;
				GCC_PREPROCESSOR_DEFINITIONS = (
					"DEBUG=1",
					"$(inherited)",
				);
				GCC_WARN_64_TO_32_BIT_CONVERSION = YES;
				GCC_WARN_ABOUT_RETURN_TYPE = YES_ERROR;
				GCC_WARN_UNDECLARED_SELECTOR = YES;
				GCC_WARN_UNINITIALIZED_AUTOS = YES_AGGRESSIVE;
				GCC_WARN_UNUSED_FUNCTION = YES;
				GCC_WARN_UNUSED_VARIABLE = YES;
				LOCALIZATION_PREFERS_STRING_CATALOGS = YES;
				MTL_ENABLE_DEBUG_INFO = INCLUDE_SOURCE;
				MTL_FAST_MATH = YES;
				ONLY_ACTIVE_ARCH = YES;
				SWIFT_ACTIVE_COMPILATION_CONDITIONS = "DEBUG $(inherited)";
				SWIFT_OPTIMIZATION_LEVEL = "-Onone";
			};
			name = Debug;
		};
		AE6DFC902B0B34E80091A10B /* Release */ = {
			isa = XCBuildConfiguration;
			buildSettings = {
				ALWAYS_SEARCH_USER_PATHS = NO;
				ASSETCATALOG_COMPILER_GENERATE_SWIFT_ASSET_SYMBOL_EXTENSIONS = YES;
				CLANG_ANALYZER_NONNULL = YES;
				CLANG_ANALYZER_NUMBER_OBJECT_CONVERSION = YES_AGGRESSIVE;
				CLANG_CXX_LANGUAGE_STANDARD = "gnu++20";
				CLANG_ENABLE_MODULES = YES;
				CLANG_ENABLE_OBJC_ARC = YES;
				CLANG_ENABLE_OBJC_WEAK = YES;
				CLANG_WARN_BLOCK_CAPTURE_AUTORELEASING = YES;
				CLANG_WARN_BOOL_CONVERSION = YES;
				CLANG_WARN_COMMA = YES;
				CLANG_WARN_CONSTANT_CONVERSION = YES;
				CLANG_WARN_DEPRECATED_OBJC_IMPLEMENTATIONS = YES;
				CLANG_WARN_DIRECT_OBJC_ISA_USAGE = YES_ERROR;
				CLANG_WARN_DOCUMENTATION_COMMENTS = YES;
				CLANG_WARN_EMPTY_BODY = YES;
				CLANG_WARN_ENUM_CONVERSION = YES;
				CLANG_WARN_INFINITE_RECURSION = YES;
				CLANG_WARN_INT_CONVERSION = YES;
				CLANG_WARN_NON_LITERAL_NULL_CONVERSION = YES;
				CLANG_WARN_OBJC_IMPLICIT_RETAIN_SELF = YES;
				CLANG_WARN_OBJC_LITERAL_CONVERSION = YES;
				CLANG_WARN_OBJC_ROOT_CLASS = YES_ERROR;
				CLANG_WARN_QUOTED_INCLUDE_IN_FRAMEWORK_HEADER = YES;
				CLANG_WARN_RANGE_LOOP_ANALYSIS = YES;
				CLANG_WARN_STRICT_PROTOTYPES = YES;
				CLANG_WARN_SUSPICIOUS_MOVE = YES;
				CLANG_WARN_UNGUARDED_AVAILABILITY = YES_AGGRESSIVE;
				CLANG_WARN_UNREACHABLE_CODE = YES;
				CLANG_WARN__DUPLICATE_METHOD_MATCH = YES;
				COPY_PHASE_STRIP = NO;
				DEBUG_INFORMATION_FORMAT = "dwarf-with-dsym";
				ENABLE_NS_ASSERTIONS = NO;
				ENABLE_STRICT_OBJC_MSGSEND = YES;
				ENABLE_USER_SCRIPT_SANDBOXING = YES;
				GCC_C_LANGUAGE_STANDARD = gnu17;
				GCC_NO_COMMON_BLOCKS = YES;
				GCC_WARN_64_TO_32_BIT_CONVERSION = YES;
				GCC_WARN_ABOUT_RETURN_TYPE = YES_ERROR;
				GCC_WARN_UNDECLARED_SELECTOR = YES;
				GCC_WARN_UNINITIALIZED_AUTOS = YES_AGGRESSIVE;
				GCC_WARN_UNUSED_FUNCTION = YES;
				GCC_WARN_UNUSED_VARIABLE = YES;
				LOCALIZATION_PREFERS_STRING_CATALOGS = YES;
				MTL_ENABLE_DEBUG_INFO = NO;
				MTL_FAST_MATH = YES;
				SWIFT_COMPILATION_MODE = wholemodule;
			};
			name = Release;
		};
		AE6DFC922B0B34E80091A10B /* Debug */ = {
			isa = XCBuildConfiguration;
			buildSettings = {
				ALWAYS_EMBED_SWIFT_STANDARD_LIBRARIES = YES;
				ASSETCATALOG_COMPILER_APPICON_NAME = AppIcon;
				ASSETCATALOG_COMPILER_GLOBAL_ACCENT_COLOR_NAME = AccentColor;
				CODE_SIGN_ENTITLEMENTS = ToDo/ToDo.entitlements;
				CODE_SIGN_STYLE = Automatic;
				CURRENT_PROJECT_VERSION = 1;
				DEVELOPMENT_ASSET_PATHS = "\"ToDo/Preview Content\"";
				DEVELOPMENT_TEAM = V4CVYUB88D;
				ENABLE_PREVIEWS = YES;
				GENERATE_INFOPLIST_FILE = YES;
				"INFOPLIST_KEY_UIApplicationSceneManifest_Generation[sdk=iphoneos*]" = YES;
				"INFOPLIST_KEY_UIApplicationSceneManifest_Generation[sdk=iphonesimulator*]" = YES;
				"INFOPLIST_KEY_UIApplicationSupportsIndirectInputEvents[sdk=iphoneos*]" = YES;
				"INFOPLIST_KEY_UIApplicationSupportsIndirectInputEvents[sdk=iphonesimulator*]" = YES;
				"INFOPLIST_KEY_UILaunchScreen_Generation[sdk=iphoneos*]" = YES;
				"INFOPLIST_KEY_UILaunchScreen_Generation[sdk=iphonesimulator*]" = YES;
				"INFOPLIST_KEY_UIStatusBarStyle[sdk=iphoneos*]" = UIStatusBarStyleDefault;
				"INFOPLIST_KEY_UIStatusBarStyle[sdk=iphonesimulator*]" = UIStatusBarStyleDefault;
				INFOPLIST_KEY_UISupportedInterfaceOrientations_iPad = "UIInterfaceOrientationPortrait UIInterfaceOrientationPortraitUpsideDown UIInterfaceOrientationLandscapeLeft UIInterfaceOrientationLandscapeRight";
				INFOPLIST_KEY_UISupportedInterfaceOrientations_iPhone = "UIInterfaceOrientationPortrait UIInterfaceOrientationLandscapeLeft UIInterfaceOrientationLandscapeRight";
				IPHONEOS_DEPLOYMENT_TARGET = 17.0;
				LD_RUNPATH_SEARCH_PATHS = "@executable_path/Frameworks";
				"LD_RUNPATH_SEARCH_PATHS[sdk=macosx*]" = "@executable_path/../Frameworks";
				MACOSX_DEPLOYMENT_TARGET = 14.0;
				MARKETING_VERSION = 1.0;
				PRODUCT_BUNDLE_IDENTIFIER = com.nikhil.ToDo;
				PRODUCT_NAME = "$(TARGET_NAME)";
				SDKROOT = auto;
				SUPPORTED_PLATFORMS = "iphoneos iphonesimulator macosx";
				SWIFT_EMIT_LOC_STRINGS = YES;
				SWIFT_VERSION = 5.0;
				TARGETED_DEVICE_FAMILY = "1,2";
			};
			name = Debug;
		};
		AE6DFC932B0B34E80091A10B /* Release */ = {
			isa = XCBuildConfiguration;
			buildSettings = {
				ALWAYS_EMBED_SWIFT_STANDARD_LIBRARIES = YES;
				ASSETCATALOG_COMPILER_APPICON_NAME = AppIcon;
				ASSETCATALOG_COMPILER_GLOBAL_ACCENT_COLOR_NAME = AccentColor;
				CODE_SIGN_ENTITLEMENTS = ToDo/ToDo.entitlements;
				CODE_SIGN_STYLE = Automatic;
				CURRENT_PROJECT_VERSION = 1;
				DEVELOPMENT_ASSET_PATHS = "\"ToDo/Preview Content\"";
				DEVELOPMENT_TEAM = V4CVYUB88D;
				ENABLE_PREVIEWS = YES;
				GENERATE_INFOPLIST_FILE = YES;
				"INFOPLIST_KEY_UIApplicationSceneManifest_Generation[sdk=iphoneos*]" = YES;
				"INFOPLIST_KEY_UIApplicationSceneManifest_Generation[sdk=iphonesimulator*]" = YES;
				"INFOPLIST_KEY_UIApplicationSupportsIndirectInputEvents[sdk=iphoneos*]" = YES;
				"INFOPLIST_KEY_UIApplicationSupportsIndirectInputEvents[sdk=iphonesimulator*]" = YES;
				"INFOPLIST_KEY_UILaunchScreen_Generation[sdk=iphoneos*]" = YES;
				"INFOPLIST_KEY_UILaunchScreen_Generation[sdk=iphonesimulator*]" = YES;
				"INFOPLIST_KEY_UIStatusBarStyle[sdk=iphoneos*]" = UIStatusBarStyleDefault;
				"INFOPLIST_KEY_UIStatusBarStyle[sdk=iphonesimulator*]" = UIStatusBarStyleDefault;
				INFOPLIST_KEY_UISupportedInterfaceOrientations_iPad = "UIInterfaceOrientationPortrait UIInterfaceOrientationPortraitUpsideDown UIInterfaceOrientationLandscapeLeft UIInterfaceOrientationLandscapeRight";
				INFOPLIST_KEY_UISupportedInterfaceOrientations_iPhone = "UIInterfaceOrientationPortrait UIInterfaceOrientationLandscapeLeft UIInterfaceOrientationLandscapeRight";
				IPHONEOS_DEPLOYMENT_TARGET = 17.0;
				LD_RUNPATH_SEARCH_PATHS = "@executable_path/Frameworks";
				"LD_RUNPATH_SEARCH_PATHS[sdk=macosx*]" = "@executable_path/../Frameworks";
				MACOSX_DEPLOYMENT_TARGET = 14.0;
				MARKETING_VERSION = 1.0;
				PRODUCT_BUNDLE_IDENTIFIER = com.nikhil.ToDo;
				PRODUCT_NAME = "$(TARGET_NAME)";
				SDKROOT = auto;
				SUPPORTED_PLATFORMS = "iphoneos iphonesimulator macosx";
				SWIFT_EMIT_LOC_STRINGS = YES;
				SWIFT_VERSION = 5.0;
				TARGETED_DEVICE_FAMILY = "1,2";
			};
			name = Release;
		};
		AE6DFCAD2B0B3FE90091A10B /* Debug */ = {
			isa = XCBuildConfiguration;
			buildSettings = {
				ASSETCATALOG_COMPILER_APPICON_NAME = AppIcon;
				ASSETCATALOG_COMPILER_GLOBAL_ACCENT_COLOR_NAME = AccentColor;
				CODE_SIGN_ENTITLEMENTS = "WatchTO Watch App/WatchTO Watch App.entitlements";
				CODE_SIGN_STYLE = Automatic;
				CURRENT_PROJECT_VERSION = 1;
				DEVELOPMENT_ASSET_PATHS = "\"WatchTO Watch App/Preview Content\"";
				DEVELOPMENT_TEAM = V4CVYUB88D;
				ENABLE_PREVIEWS = YES;
				GENERATE_INFOPLIST_FILE = YES;
				INFOPLIST_KEY_UISupportedInterfaceOrientations = "UIInterfaceOrientationPortrait UIInterfaceOrientationPortraitUpsideDown";
				INFOPLIST_KEY_WKCompanionAppBundleIdentifier = com.nikhil.ToDo;
				LD_RUNPATH_SEARCH_PATHS = (
					"$(inherited)",
					"@executable_path/Frameworks",
				);
				MARKETING_VERSION = 1.0;
				PRODUCT_BUNDLE_IDENTIFIER = com.nikhil.ToDo.watchkitapp;
				PRODUCT_NAME = ToDo;
				SDKROOT = watchos;
				SKIP_INSTALL = YES;
				SWIFT_EMIT_LOC_STRINGS = YES;
				SWIFT_VERSION = 5.0;
				TARGETED_DEVICE_FAMILY = 4;
				WATCHOS_DEPLOYMENT_TARGET = 10.0;
			};
			name = Debug;
		};
		AE6DFCAE2B0B3FE90091A10B /* Release */ = {
			isa = XCBuildConfiguration;
			buildSettings = {
				ASSETCATALOG_COMPILER_APPICON_NAME = AppIcon;
				ASSETCATALOG_COMPILER_GLOBAL_ACCENT_COLOR_NAME = AccentColor;
				CODE_SIGN_ENTITLEMENTS = "WatchTO Watch App/WatchTO Watch App.entitlements";
				CODE_SIGN_STYLE = Automatic;
				CURRENT_PROJECT_VERSION = 1;
				DEVELOPMENT_ASSET_PATHS = "\"WatchTO Watch App/Preview Content\"";
				DEVELOPMENT_TEAM = V4CVYUB88D;
				ENABLE_PREVIEWS = YES;
				GENERATE_INFOPLIST_FILE = YES;
				INFOPLIST_KEY_UISupportedInterfaceOrientations = "UIInterfaceOrientationPortrait UIInterfaceOrientationPortraitUpsideDown";
				INFOPLIST_KEY_WKCompanionAppBundleIdentifier = com.nikhil.ToDo;
				LD_RUNPATH_SEARCH_PATHS = (
					"$(inherited)",
					"@executable_path/Frameworks",
				);
				MARKETING_VERSION = 1.0;
				PRODUCT_BUNDLE_IDENTIFIER = com.nikhil.ToDo.watchkitapp;
				PRODUCT_NAME = ToDo;
				SDKROOT = watchos;
				SKIP_INSTALL = YES;
				SWIFT_EMIT_LOC_STRINGS = YES;
				SWIFT_VERSION = 5.0;
				TARGETED_DEVICE_FAMILY = 4;
				VALIDATE_PRODUCT = YES;
				WATCHOS_DEPLOYMENT_TARGET = 10.0;
			};
			name = Release;
		};
		AE6DFCC02B0B41E90091A10B /* Debug */ = {
			isa = XCBuildConfiguration;
			buildSettings = {
				ASSETCATALOG_COMPILER_APPICON_NAME = "App Icon & Top Shelf Image";
				ASSETCATALOG_COMPILER_GLOBAL_ACCENT_COLOR_NAME = AccentColor;
				CODE_SIGN_ENTITLEMENTS = TVOS/TVOS.entitlements;
				CODE_SIGN_STYLE = Automatic;
				CURRENT_PROJECT_VERSION = 1;
				DEVELOPMENT_ASSET_PATHS = "\"TVOS/Preview Content\"";
				DEVELOPMENT_TEAM = V4CVYUB88D;
				ENABLE_PREVIEWS = YES;
				GENERATE_INFOPLIST_FILE = YES;
				INFOPLIST_KEY_CFBundleDisplayName = ToDo;
				INFOPLIST_KEY_UILaunchScreen_Generation = YES;
				INFOPLIST_KEY_UIUserInterfaceStyle = Automatic;
				LD_RUNPATH_SEARCH_PATHS = (
					"$(inherited)",
					"@executable_path/Frameworks",
				);
				MARKETING_VERSION = 1.0;
				PRODUCT_BUNDLE_IDENTIFIER = com.nikhil.TVOS;
				PRODUCT_NAME = "$(TARGET_NAME)";
				SDKROOT = appletvos;
				SWIFT_EMIT_LOC_STRINGS = YES;
				SWIFT_VERSION = 5.0;
				TARGETED_DEVICE_FAMILY = 3;
				TVOS_DEPLOYMENT_TARGET = 17.0;
			};
			name = Debug;
		};
		AE6DFCC12B0B41E90091A10B /* Release */ = {
			isa = XCBuildConfiguration;
			buildSettings = {
				ASSETCATALOG_COMPILER_APPICON_NAME = "App Icon & Top Shelf Image";
				ASSETCATALOG_COMPILER_GLOBAL_ACCENT_COLOR_NAME = AccentColor;
				CODE_SIGN_ENTITLEMENTS = TVOS/TVOS.entitlements;
				CODE_SIGN_STYLE = Automatic;
				CURRENT_PROJECT_VERSION = 1;
				DEVELOPMENT_ASSET_PATHS = "\"TVOS/Preview Content\"";
				DEVELOPMENT_TEAM = V4CVYUB88D;
				ENABLE_PREVIEWS = YES;
				GENERATE_INFOPLIST_FILE = YES;
				INFOPLIST_KEY_CFBundleDisplayName = ToDo;
				INFOPLIST_KEY_UILaunchScreen_Generation = YES;
				INFOPLIST_KEY_UIUserInterfaceStyle = Automatic;
				LD_RUNPATH_SEARCH_PATHS = (
					"$(inherited)",
					"@executable_path/Frameworks",
				);
				MARKETING_VERSION = 1.0;
				PRODUCT_BUNDLE_IDENTIFIER = com.nikhil.TVOS;
				PRODUCT_NAME = "$(TARGET_NAME)";
				SDKROOT = appletvos;
				SWIFT_EMIT_LOC_STRINGS = YES;
				SWIFT_VERSION = 5.0;
				TARGETED_DEVICE_FAMILY = 3;
				TVOS_DEPLOYMENT_TARGET = 17.0;
				VALIDATE_PRODUCT = YES;
			};
			name = Release;
		};
/* End XCBuildConfiguration section */

/* Begin XCConfigurationList section */
		AE6DFC672B0B34E70091A10B /* Build configuration list for PBXProject "ToDo" */ = {
			isa = XCConfigurationList;
			buildConfigurations = (
				AE6DFC8F2B0B34E80091A10B /* Debug */,
				AE6DFC902B0B34E80091A10B /* Release */,
			);
			defaultConfigurationIsVisible = 0;
			defaultConfigurationName = Release;
		};
		AE6DFC912B0B34E80091A10B /* Build configuration list for PBXNativeTarget "ToDo" */ = {
			isa = XCConfigurationList;
			buildConfigurations = (
				AE6DFC922B0B34E80091A10B /* Debug */,
				AE6DFC932B0B34E80091A10B /* Release */,
			);
			defaultConfigurationIsVisible = 0;
			defaultConfigurationName = Release;
		};
		AE6DFCAC2B0B3FE90091A10B /* Build configuration list for PBXNativeTarget "WatchTO Watch App" */ = {
			isa = XCConfigurationList;
			buildConfigurations = (
				AE6DFCAD2B0B3FE90091A10B /* Debug */,
				AE6DFCAE2B0B3FE90091A10B /* Release */,
			);
			defaultConfigurationIsVisible = 0;
			defaultConfigurationName = Release;
		};
		AE6DFCBF2B0B41E90091A10B /* Build configuration list for PBXNativeTarget "TVOS" */ = {
			isa = XCConfigurationList;
			buildConfigurations = (
				AE6DFCC02B0B41E90091A10B /* Debug */,
				AE6DFCC12B0B41E90091A10B /* Release */,
			);
			defaultConfigurationIsVisible = 0;
			defaultConfigurationName = Release;
		};
/* End XCConfigurationList section */

/* Begin XCVersionGroup section */
		AE6DFCD22B0B6C890091A10B /* Model.xcdatamodeld */ = {
			isa = XCVersionGroup;
			children = (
				AE6DFCD32B0B6C890091A10B /* Model.xcdatamodel */,
			);
			currentVersion = AE6DFCD32B0B6C890091A10B /* Model.xcdatamodel */;
			path = Model.xcdatamodeld;
			sourceTree = "<group>";
			versionGroupType = wrapper.xcdatamodel;
		};
/* End XCVersionGroup section */
	};
	rootObject = AE6DFC642B0B34E70091A10B /* Project object */;
}
